
Microsoft Visual Studio Solution File, Format Version 12.00
# Visual Studio Version 16
VisualStudioVersion = 16.0.29519.87
MinimumVisualStudioVersion = 10.0.40219.1
Project("{FAE04EC0-301F-11D3-BF4B-00C04F79EFBC}") = "Lesson10Task5", "Lesson10Task5\Lesson10Task5.csproj", "{BB0F1673-ABC2-4321-9524-E7FD9EEBDEE5}"
EndProject
Global
	GlobalSection(SolutionConfigurationPlatforms) = preSolution
		Debug|Any CPU = Debug|Any CPU
		Release|Any CPU = Release|Any CPU
	EndGlobalSection
	GlobalSection(ProjectConfigurationPlatforms) = postSolution
		{BB0F1673-ABC2-4321-9524-E7FD9EEBDEE5}.Debug|Any CPU.ActiveCfg = Debug|Any CPU
		{BB0F1673-ABC2-4321-9524-E7FD9EEBDEE5}.Debug|Any CPU.Build.0 = Debug|Any CPU
		{BB0F1673-ABC2-4321-9524-E7FD9EEBDEE5}.Release|Any CPU.ActiveCfg = Release|Any CPU
		{BB0F1673-ABC2-4321-9524-E7FD9EEBDEE5}.Release|Any CPU.Build.0 = Release|Any CPU
	EndGlobalSection
	GlobalSection(SolutionProperties) = preSolution
		HideSolutionNode = FALSE
	EndGlobalSection
	GlobalSection(ExtensibilityGlobals) = postSolution
		SolutionGuid = {7E99A406-5FB8-42D1-B8A8-8204532D3782}
	EndGlobalSection
EndGlobal
